
Microsoft Visual Studio Solution File, Format Version 12.00
# Visual Studio Version 16
VisualStudioVersion = 16.0.30114.105
MinimumVisualStudioVersion = 10.0.40219.1
Project("{2150E333-8FDC-42A3-9474-1A3956D46DE8}") = "src", "src", "{AC51506C-7DB2-4F6D-8671-8A674C63E9E8}"
EndProject
Project("{FAE04EC0-301F-11D3-BF4B-00C04F79EFBC}") = "Todo.Domain", "src\Todo.Domain\Todo.Domain.csproj", "{81A729A7-995F-4B31-9E8E-48D069930E3F}"
EndProject
Project("{2150E333-8FDC-42A3-9474-1A3956D46DE8}") = "tests", "tests", "{072001D3-3A31-42FF-8366-914AFFC6E8FB}"
EndProject
Project("{FAE04EC0-301F-11D3-BF4B-00C04F79EFBC}") = "Todo.Infrastructure", "src\Todo.Infrastructure\Todo.Infrastructure.csproj", "{6ADC6635-91C4-47B3-8352-7EBFE3F6B53D}"
EndProject
Project("{FAE04EC0-301F-11D3-BF4B-00C04F79EFBC}") = "Todo.Api", "src\Todo.Api\Todo.Api.csproj", "{98B023E9-C6D0-49D9-BAD6-9DAFC0A2488C}"
EndProject
Project("{2150E333-8FDC-42A3-9474-1A3956D46DE8}") = "external", "external", "{AEAC6F1F-8C7B-49D5-8A38-668C4AE8D3CF}"
EndProject
Project("{FAE04EC0-301F-11D3-BF4B-00C04F79EFBC}") = "External.Consumer", "external\External.Consumer\External.Consumer.csproj", "{C048066A-4B35-402C-84C0-20DF374BA14F}"
EndProject
Project("{FAE04EC0-301F-11D3-BF4B-00C04F79EFBC}") = "Todo.UI.Blazor", "src\Todo.UI.Blazor\Todo.UI.Blazor.csproj", "{9292E081-BC04-4D71-8985-4CACAD5BB4F9}"
EndProject
Project("{FAE04EC0-301F-11D3-BF4B-00C04F79EFBC}") = "Todo.Application", "src\Todo.Application\Todo.Application.csproj", "{99935D77-068A-4BDA-A11F-3BA0F9C1C8AB}"
EndProject
Project("{FAE04EC0-301F-11D3-BF4B-00C04F79EFBC}") = "Todo.Api.Test", "tests\Todo.Api.Test\Todo.Api.Test.csproj", "{0F4EE3F3-F76C-4E76-A480-319BBC2A556F}"
EndProject
Project("{FAE04EC0-301F-11D3-BF4B-00C04F79EFBC}") = "Todo.Application.Test", "tests\Todo.Application.Test\Todo.Application.Test.csproj", "{DCC1BFB7-A937-4CB3-AD30-C877ACFA83FB}"
EndProject
Global
	GlobalSection(SolutionConfigurationPlatforms) = preSolution
		Debug|Any CPU = Debug|Any CPU
		Release|Any CPU = Release|Any CPU
	EndGlobalSection
	GlobalSection(SolutionProperties) = preSolution
		HideSolutionNode = FALSE
	EndGlobalSection
	GlobalSection(ProjectConfigurationPlatforms) = postSolution
		{81A729A7-995F-4B31-9E8E-48D069930E3F}.Debug|Any CPU.ActiveCfg = Debug|Any CPU
		{81A729A7-995F-4B31-9E8E-48D069930E3F}.Debug|Any CPU.Build.0 = Debug|Any CPU
		{81A729A7-995F-4B31-9E8E-48D069930E3F}.Release|Any CPU.ActiveCfg = Release|Any CPU
		{81A729A7-995F-4B31-9E8E-48D069930E3F}.Release|Any CPU.Build.0 = Release|Any CPU
		{6ADC6635-91C4-47B3-8352-7EBFE3F6B53D}.Debug|Any CPU.ActiveCfg = Debug|Any CPU
		{6ADC6635-91C4-47B3-8352-7EBFE3F6B53D}.Debug|Any CPU.Build.0 = Debug|Any CPU
		{6ADC6635-91C4-47B3-8352-7EBFE3F6B53D}.Release|Any CPU.ActiveCfg = Release|Any CPU
		{6ADC6635-91C4-47B3-8352-7EBFE3F6B53D}.Release|Any CPU.Build.0 = Release|Any CPU
		{98B023E9-C6D0-49D9-BAD6-9DAFC0A2488C}.Debug|Any CPU.ActiveCfg = Debug|Any CPU
		{98B023E9-C6D0-49D9-BAD6-9DAFC0A2488C}.Debug|Any CPU.Build.0 = Debug|Any CPU
		{98B023E9-C6D0-49D9-BAD6-9DAFC0A2488C}.Release|Any CPU.ActiveCfg = Release|Any CPU
		{98B023E9-C6D0-49D9-BAD6-9DAFC0A2488C}.Release|Any CPU.Build.0 = Release|Any CPU
		{C048066A-4B35-402C-84C0-20DF374BA14F}.Debug|Any CPU.ActiveCfg = Debug|Any CPU
		{C048066A-4B35-402C-84C0-20DF374BA14F}.Debug|Any CPU.Build.0 = Debug|Any CPU
		{C048066A-4B35-402C-84C0-20DF374BA14F}.Release|Any CPU.ActiveCfg = Release|Any CPU
		{C048066A-4B35-402C-84C0-20DF374BA14F}.Release|Any CPU.Build.0 = Release|Any CPU
		{9292E081-BC04-4D71-8985-4CACAD5BB4F9}.Debug|Any CPU.ActiveCfg = Debug|Any CPU
		{9292E081-BC04-4D71-8985-4CACAD5BB4F9}.Debug|Any CPU.Build.0 = Debug|Any CPU
		{9292E081-BC04-4D71-8985-4CACAD5BB4F9}.Release|Any CPU.ActiveCfg = Release|Any CPU
		{9292E081-BC04-4D71-8985-4CACAD5BB4F9}.Release|Any CPU.Build.0 = Release|Any CPU
		{99935D77-068A-4BDA-A11F-3BA0F9C1C8AB}.Debug|Any CPU.ActiveCfg = Debug|Any CPU
		{99935D77-068A-4BDA-A11F-3BA0F9C1C8AB}.Debug|Any CPU.Build.0 = Debug|Any CPU
		{99935D77-068A-4BDA-A11F-3BA0F9C1C8AB}.Release|Any CPU.ActiveCfg = Release|Any CPU
		{99935D77-068A-4BDA-A11F-3BA0F9C1C8AB}.Release|Any CPU.Build.0 = Release|Any CPU
		{0F4EE3F3-F76C-4E76-A480-319BBC2A556F}.Debug|Any CPU.ActiveCfg = Debug|Any CPU
		{0F4EE3F3-F76C-4E76-A480-319BBC2A556F}.Debug|Any CPU.Build.0 = Debug|Any CPU
		{0F4EE3F3-F76C-4E76-A480-319BBC2A556F}.Release|Any CPU.ActiveCfg = Release|Any CPU
		{0F4EE3F3-F76C-4E76-A480-319BBC2A556F}.Release|Any CPU.Build.0 = Release|Any CPU
		{DCC1BFB7-A937-4CB3-AD30-C877ACFA83FB}.Debug|Any CPU.ActiveCfg = Debug|Any CPU
		{DCC1BFB7-A937-4CB3-AD30-C877ACFA83FB}.Debug|Any CPU.Build.0 = Debug|Any CPU
		{DCC1BFB7-A937-4CB3-AD30-C877ACFA83FB}.Release|Any CPU.ActiveCfg = Release|Any CPU
		{DCC1BFB7-A937-4CB3-AD30-C877ACFA83FB}.Release|Any CPU.Build.0 = Release|Any CPU
	EndGlobalSection
	GlobalSection(NestedProjects) = preSolution
		{81A729A7-995F-4B31-9E8E-48D069930E3F} = {AC51506C-7DB2-4F6D-8671-8A674C63E9E8}
		{6ADC6635-91C4-47B3-8352-7EBFE3F6B53D} = {AC51506C-7DB2-4F6D-8671-8A674C63E9E8}
		{98B023E9-C6D0-49D9-BAD6-9DAFC0A2488C} = {AC51506C-7DB2-4F6D-8671-8A674C63E9E8}
		{C048066A-4B35-402C-84C0-20DF374BA14F} = {AEAC6F1F-8C7B-49D5-8A38-668C4AE8D3CF}
		{9292E081-BC04-4D71-8985-4CACAD5BB4F9} = {AC51506C-7DB2-4F6D-8671-8A674C63E9E8}
		{99935D77-068A-4BDA-A11F-3BA0F9C1C8AB} = {AC51506C-7DB2-4F6D-8671-8A674C63E9E8}
		{0F4EE3F3-F76C-4E76-A480-319BBC2A556F} = {072001D3-3A31-42FF-8366-914AFFC6E8FB}
		{DCC1BFB7-A937-4CB3-AD30-C877ACFA83FB} = {072001D3-3A31-42FF-8366-914AFFC6E8FB}
	EndGlobalSection
EndGlobal
